
Microsoft Visual Studio Solution File, Format Version 12.00
# Visual Studio Version 16
VisualStudioVersion = 16.0.29709.97
MinimumVisualStudioVersion = 10.0.40219.1
Project("{FAE04EC0-301F-11D3-BF4B-00C04F79EFBC}") = "Ders 36 - Sınıf Yapısı 2 GET SET KAVRAMI", "Ders 36 - Sınıf Yapısı 2 GET SET KAVRAMI\Ders 36 - Sınıf Yapısı 2 GET SET KAVRAMI.csproj", "{0F961592-AD80-4C72-AC87-86354793686E}"
EndProject
Global
	GlobalSection(SolutionConfigurationPlatforms) = preSolution
		Debug|Any CPU = Debug|Any CPU
		Release|Any CPU = Release|Any CPU
	EndGlobalSection
	GlobalSection(ProjectConfigurationPlatforms) = postSolution
		{0F961592-AD80-4C72-AC87-86354793686E}.Debug|Any CPU.ActiveCfg = Debug|Any CPU
		{0F961592-AD80-4C72-AC87-86354793686E}.Debug|Any CPU.Build.0 = Debug|Any CPU
		{0F961592-AD80-4C72-AC87-86354793686E}.Release|Any CPU.ActiveCfg = Release|Any CPU
		{0F961592-AD80-4C72-AC87-86354793686E}.Release|Any CPU.Build.0 = Release|Any CPU
	EndGlobalSection
	GlobalSection(SolutionProperties) = preSolution
		HideSolutionNode = FALSE
	EndGlobalSection
	GlobalSection(ExtensibilityGlobals) = postSolution
		SolutionGuid = {1858F5E4-81D5-4760-8C16-ABBA8022F923}
	EndGlobalSection
EndGlobal
