
Microsoft Visual Studio Solution File, Format Version 12.00
# Visual Studio Version 16
VisualStudioVersion = 16.0.29709.97
MinimumVisualStudioVersion = 10.0.40219.1
Project("{FAE04EC0-301F-11D3-BF4B-00C04F79EFBC}") = "Ders 16 - Diziler 4", "Ders 16 - Diziler 4\Ders 16 - Diziler 4.csproj", "{2121E656-F1E4-492C-BC9D-34AF4667847A}"
EndProject
Global
	GlobalSection(SolutionConfigurationPlatforms) = preSolution
		Debug|Any CPU = Debug|Any CPU
		Release|Any CPU = Release|Any CPU
	EndGlobalSection
	GlobalSection(ProjectConfigurationPlatforms) = postSolution
		{2121E656-F1E4-492C-BC9D-34AF4667847A}.Debug|Any CPU.ActiveCfg = Debug|Any CPU
		{2121E656-F1E4-492C-BC9D-34AF4667847A}.Debug|Any CPU.Build.0 = Debug|Any CPU
		{2121E656-F1E4-492C-BC9D-34AF4667847A}.Release|Any CPU.ActiveCfg = Release|Any CPU
		{2121E656-F1E4-492C-BC9D-34AF4667847A}.Release|Any CPU.Build.0 = Release|Any CPU
	EndGlobalSection
	GlobalSection(SolutionProperties) = preSolution
		HideSolutionNode = FALSE
	EndGlobalSection
	GlobalSection(ExtensibilityGlobals) = postSolution
		SolutionGuid = {CAFCB676-38C4-404F-ABEE-9F92426B2A6C}
	EndGlobalSection
EndGlobal
