
Microsoft Visual Studio Solution File, Format Version 12.00
# Visual Studio Version 16
VisualStudioVersion = 16.0.29709.97
MinimumVisualStudioVersion = 10.0.40219.1
Project("{FAE04EC0-301F-11D3-BF4B-00C04F79EFBC}") = "Ders 28 - Zaman Fonksiyonları", "Ders 28 - Zaman Fonksiyonları\Ders 28 - Zaman Fonksiyonları.csproj", "{1C206C99-3522-4E1C-9675-7EF23ABE7AFD}"
EndProject
Global
	GlobalSection(SolutionConfigurationPlatforms) = preSolution
		Debug|Any CPU = Debug|Any CPU
		Release|Any CPU = Release|Any CPU
	EndGlobalSection
	GlobalSection(ProjectConfigurationPlatforms) = postSolution
		{1C206C99-3522-4E1C-9675-7EF23ABE7AFD}.Debug|Any CPU.ActiveCfg = Debug|Any CPU
		{1C206C99-3522-4E1C-9675-7EF23ABE7AFD}.Debug|Any CPU.Build.0 = Debug|Any CPU
		{1C206C99-3522-4E1C-9675-7EF23ABE7AFD}.Release|Any CPU.ActiveCfg = Release|Any CPU
		{1C206C99-3522-4E1C-9675-7EF23ABE7AFD}.Release|Any CPU.Build.0 = Release|Any CPU
	EndGlobalSection
	GlobalSection(SolutionProperties) = preSolution
		HideSolutionNode = FALSE
	EndGlobalSection
	GlobalSection(ExtensibilityGlobals) = postSolution
		SolutionGuid = {53DBDBE3-A87A-4722-A745-19A8DEFF7158}
	EndGlobalSection
EndGlobal
