
Microsoft Visual Studio Solution File, Format Version 12.00
# Visual Studio Version 16
VisualStudioVersion = 16.0.29709.97
MinimumVisualStudioVersion = 10.0.40219.1
Project("{FAE04EC0-301F-11D3-BF4B-00C04F79EFBC}") = "Ders 8 - Karar Yapıları ( İF - ELSE )", "Ders 8 - Karar Yapıları ( İF - ELSE )\Ders 8 - Karar Yapıları ( İF - ELSE ).csproj", "{520918B3-C928-43F5-B074-9CCEFEDDE603}"
EndProject
Global
	GlobalSection(SolutionConfigurationPlatforms) = preSolution
		Debug|Any CPU = Debug|Any CPU
		Release|Any CPU = Release|Any CPU
	EndGlobalSection
	GlobalSection(ProjectConfigurationPlatforms) = postSolution
		{520918B3-C928-43F5-B074-9CCEFEDDE603}.Debug|Any CPU.ActiveCfg = Debug|Any CPU
		{520918B3-C928-43F5-B074-9CCEFEDDE603}.Debug|Any CPU.Build.0 = Debug|Any CPU
		{520918B3-C928-43F5-B074-9CCEFEDDE603}.Release|Any CPU.ActiveCfg = Release|Any CPU
		{520918B3-C928-43F5-B074-9CCEFEDDE603}.Release|Any CPU.Build.0 = Release|Any CPU
	EndGlobalSection
	GlobalSection(SolutionProperties) = preSolution
		HideSolutionNode = FALSE
	EndGlobalSection
	GlobalSection(ExtensibilityGlobals) = postSolution
		SolutionGuid = {6A4DA88A-BE38-4AA2-931E-4B7D1BEE03B9}
	EndGlobalSection
EndGlobal
