
Microsoft Visual Studio Solution File, Format Version 12.00
# Visual Studio Version 16
VisualStudioVersion = 16.0.29709.97
MinimumVisualStudioVersion = 10.0.40219.1
Project("{FAE04EC0-301F-11D3-BF4B-00C04F79EFBC}") = "Ders 4 - Aritmetik 4 İşlem", "Ders 4 - Aritmetik 4 İşlem\Ders 4 - Aritmetik 4 İşlem.csproj", "{FC17F624-41DD-4BCB-B8E7-ECA260D7DAFA}"
EndProject
Global
	GlobalSection(SolutionConfigurationPlatforms) = preSolution
		Debug|Any CPU = Debug|Any CPU
		Release|Any CPU = Release|Any CPU
	EndGlobalSection
	GlobalSection(ProjectConfigurationPlatforms) = postSolution
		{FC17F624-41DD-4BCB-B8E7-ECA260D7DAFA}.Debug|Any CPU.ActiveCfg = Debug|Any CPU
		{FC17F624-41DD-4BCB-B8E7-ECA260D7DAFA}.Debug|Any CPU.Build.0 = Debug|Any CPU
		{FC17F624-41DD-4BCB-B8E7-ECA260D7DAFA}.Release|Any CPU.ActiveCfg = Release|Any CPU
		{FC17F624-41DD-4BCB-B8E7-ECA260D7DAFA}.Release|Any CPU.Build.0 = Release|Any CPU
	EndGlobalSection
	GlobalSection(SolutionProperties) = preSolution
		HideSolutionNode = FALSE
	EndGlobalSection
	GlobalSection(ExtensibilityGlobals) = postSolution
		SolutionGuid = {643F9A78-5AA2-4F5F-9CDC-CC84E3596A6D}
	EndGlobalSection
EndGlobal
