
Microsoft Visual Studio Solution File, Format Version 12.00
# Visual Studio Version 16
VisualStudioVersion = 16.0.29709.97
MinimumVisualStudioVersion = 10.0.40219.1
Project("{FAE04EC0-301F-11D3-BF4B-00C04F79EFBC}") = "Ders 33 - Metotlar 2", "Ders 33 - Metotlar 2\Ders 33 - Metotlar 2.csproj", "{1F390975-F65E-4B9E-90FE-FD9AA59212F4}"
EndProject
Project("{2150E333-8FDC-42A3-9474-1A3956D46DE8}") = "Solution Items", "Solution Items", "{A5C72AEF-971C-4E8C-88B7-6ED06BA65225}"
	ProjectSection(SolutionItems) = preProject
		.editorconfig = .editorconfig
	EndProjectSection
EndProject
Global
	GlobalSection(SolutionConfigurationPlatforms) = preSolution
		Debug|Any CPU = Debug|Any CPU
		Release|Any CPU = Release|Any CPU
	EndGlobalSection
	GlobalSection(ProjectConfigurationPlatforms) = postSolution
		{1F390975-F65E-4B9E-90FE-FD9AA59212F4}.Debug|Any CPU.ActiveCfg = Debug|Any CPU
		{1F390975-F65E-4B9E-90FE-FD9AA59212F4}.Debug|Any CPU.Build.0 = Debug|Any CPU
		{1F390975-F65E-4B9E-90FE-FD9AA59212F4}.Release|Any CPU.ActiveCfg = Release|Any CPU
		{1F390975-F65E-4B9E-90FE-FD9AA59212F4}.Release|Any CPU.Build.0 = Release|Any CPU
	EndGlobalSection
	GlobalSection(SolutionProperties) = preSolution
		HideSolutionNode = FALSE
	EndGlobalSection
	GlobalSection(ExtensibilityGlobals) = postSolution
		SolutionGuid = {F4CBBDDA-473F-4B9A-B325-CFB2622A5B63}
	EndGlobalSection
EndGlobal
