
Microsoft Visual Studio Solution File, Format Version 12.00
# Visual Studio Version 16
VisualStudioVersion = 16.0.29709.97
MinimumVisualStudioVersion = 10.0.40219.1
Project("{FAE04EC0-301F-11D3-BF4B-00C04F79EFBC}") = "Ders 42 - Stack Heap ve Boxing Unboxing", "Ders 42 - Stack Heap ve Boxing Unboxing\Ders 42 - Stack Heap ve Boxing Unboxing.csproj", "{A1716199-EEBE-4023-A1FE-3880A540CA74}"
EndProject
Global
	GlobalSection(SolutionConfigurationPlatforms) = preSolution
		Debug|Any CPU = Debug|Any CPU
		Release|Any CPU = Release|Any CPU
	EndGlobalSection
	GlobalSection(ProjectConfigurationPlatforms) = postSolution
		{A1716199-EEBE-4023-A1FE-3880A540CA74}.Debug|Any CPU.ActiveCfg = Debug|Any CPU
		{A1716199-EEBE-4023-A1FE-3880A540CA74}.Debug|Any CPU.Build.0 = Debug|Any CPU
		{A1716199-EEBE-4023-A1FE-3880A540CA74}.Release|Any CPU.ActiveCfg = Release|Any CPU
		{A1716199-EEBE-4023-A1FE-3880A540CA74}.Release|Any CPU.Build.0 = Release|Any CPU
	EndGlobalSection
	GlobalSection(SolutionProperties) = preSolution
		HideSolutionNode = FALSE
	EndGlobalSection
	GlobalSection(ExtensibilityGlobals) = postSolution
		SolutionGuid = {31E81B51-78D4-4A1C-B254-7B576E5CAB88}
	EndGlobalSection
EndGlobal
